
Microsoft Visual Studio Solution File, Format Version 12.00
# Visual Studio Version 17
VisualStudioVersion = 17.13.35828.75 d17.13
MinimumVisualStudioVersion = 10.0.40219.1
Project("{FAE04EC0-301F-11D3-BF4B-00C04F79EFBC}") = "Tasks", "Tasks\Tasks.csproj", "{9FFEC94B-2E3A-42E7-9685-4A1609BAABD0}"
EndProject
Global
	GlobalSection(SolutionConfigurationPlatforms) = preSolution
		Debug|Any CPU = Debug|Any CPU
		Release|Any CPU = Release|Any CPU
	EndGlobalSection
	GlobalSection(ProjectConfigurationPlatforms) = postSolution
		{9FFEC94B-2E3A-42E7-9685-4A1609BAABD0}.Debug|Any CPU.ActiveCfg = Debug|Any CPU
		{9FFEC94B-2E3A-42E7-9685-4A1609BAABD0}.Debug|Any CPU.Build.0 = Debug|Any CPU
		{9FFEC94B-2E3A-42E7-9685-4A1609BAABD0}.Release|Any CPU.ActiveCfg = Release|Any CPU
		{9FFEC94B-2E3A-42E7-9685-4A1609BAABD0}.Release|Any CPU.Build.0 = Release|Any CPU
	EndGlobalSection
	GlobalSection(SolutionProperties) = preSolution
		HideSolutionNode = FALSE
	EndGlobalSection
	GlobalSection(ExtensibilityGlobals) = postSolution
		SolutionGuid = {687895F0-F1EF-4E36-9732-5A3C8EDB277C}
	EndGlobalSection
EndGlobal
